
Microsoft Visual Studio Solution File, Format Version 12.00
# Visual Studio Version 17
VisualStudioVersion = 17.3.32922.545
MinimumVisualStudioVersion = 10.0.40219.1
Project("{2150E333-8FDC-42A3-9474-1A3956D46DE8}") = "src", "src", "{F55E0727-87D5-4B9C-A6F0-3C48166580E5}"
EndProject
Project("{2150E333-8FDC-42A3-9474-1A3956D46DE8}") = "Commons", "Commons", "{9EBF67A7-CECA-4DA3-AEAF-5106D5791E0F}"
EndProject
Project("{2150E333-8FDC-42A3-9474-1A3956D46DE8}") = "Services", "Services", "{5F28B043-0F99-4AF1-ACAD-8C84EFFC031F}"
EndProject
Project("{9A19103F-16F7-4668-BE54-9A1E7A4F7556}") = "Common", "src\BuildingBlocks\ResortAppStore.Infrastructure\Common.csproj", "{B9044ED2-5D67-42B9-A47B-056069ECF437}"
EndProject
Project("{2150E333-8FDC-42A3-9474-1A3956D46DE8}") = "Administration", "Administration", "{EFCD4D8A-1BAA-4696-82FD-FA72A9A26A35}"
EndProject
Project("{9A19103F-16F7-4668-BE54-9A1E7A4F7556}") = "Administration.Infrastructure", "src\Services\Administration\Administration.Infrastructure\Administration.Infrastructure.csproj", "{5584B22D-DBAA-489B-9024-AA6D1E770362}"
EndProject
Project("{9A19103F-16F7-4668-BE54-9A1E7A4F7556}") = "Administration.Domain", "src\Services\Administration\Administration.Domain\Administration.Domain.csproj", "{D5DBD801-4476-4FE7-A770-D52FFE050C7A}"
EndProject
Project("{9A19103F-16F7-4668-BE54-9A1E7A4F7556}") = "Administration.Application", "src\Services\Administration\Administration.Application\Administration.Application.csproj", "{7AF408AA-4FB2-4A0D-995B-CA0E7CF6808B}"
EndProject
Project("{9A19103F-16F7-4668-BE54-9A1E7A4F7556}") = "Administration.API", "src\Services\Administration\Administration.API\Administration.API.csproj", "{B1A82C40-9290-4058-8829-4F5FB3B2B7F1}"
EndProject
Project("{2150E333-8FDC-42A3-9474-1A3956D46DE8}") = "ERPBackEnd", "ERPBackEnd", "{C143FCF0-164E-4FC8-A33C-1D03EEA6CA00}"
EndProject
Project("{FAE04EC0-301F-11D3-BF4B-00C04F79EFBC}") = "ERPBackEnd.Infrastructure", "src\Services\ERPBackEnd\ERPBackEnd.Infrastructure\ERPBackEnd.Infrastructure.csproj", "{D7C77697-67E7-4640-8C04-2A458774AF3A}"
EndProject
Project("{FAE04EC0-301F-11D3-BF4B-00C04F79EFBC}") = "ERPBackEnd.Domain", "src\Services\ERPBackEnd\ERPBackEnd.Domain\ERPBackEnd.Domain.csproj", "{F6FBA641-1E1B-42B5-A531-2719698D0586}"
EndProject
Project("{FAE04EC0-301F-11D3-BF4B-00C04F79EFBC}") = "ERPBackEnd.Application", "src\Services\ERPBackEnd\ERPBackEnd.Application\ERPBackEnd.Application.csproj", "{B9E355E0-CC13-4C62-9F9A-69B7BB8D8214}"
EndProject
Project("{FAE04EC0-301F-11D3-BF4B-00C04F79EFBC}") = "ERPBackEnd.API", "src\Services\ERPBackEnd\ERPBackEnd.API\ERPBackEnd.API.csproj", "{90B99A6F-BF17-4171-B2A4-318CAA947C3E}"
EndProject
Global
	GlobalSection(SolutionConfigurationPlatforms) = preSolution
		Debug|Any CPU = Debug|Any CPU
		Release|Any CPU = Release|Any CPU
	EndGlobalSection
	GlobalSection(ProjectConfigurationPlatforms) = postSolution
		{B9044ED2-5D67-42B9-A47B-056069ECF437}.Debug|Any CPU.ActiveCfg = Debug|Any CPU
		{B9044ED2-5D67-42B9-A47B-056069ECF437}.Debug|Any CPU.Build.0 = Debug|Any CPU
		{B9044ED2-5D67-42B9-A47B-056069ECF437}.Release|Any CPU.ActiveCfg = Release|Any CPU
		{B9044ED2-5D67-42B9-A47B-056069ECF437}.Release|Any CPU.Build.0 = Release|Any CPU
		{5584B22D-DBAA-489B-9024-AA6D1E770362}.Debug|Any CPU.ActiveCfg = Debug|Any CPU
		{5584B22D-DBAA-489B-9024-AA6D1E770362}.Debug|Any CPU.Build.0 = Debug|Any CPU
		{5584B22D-DBAA-489B-9024-AA6D1E770362}.Release|Any CPU.ActiveCfg = Release|Any CPU
		{5584B22D-DBAA-489B-9024-AA6D1E770362}.Release|Any CPU.Build.0 = Release|Any CPU
		{D5DBD801-4476-4FE7-A770-D52FFE050C7A}.Debug|Any CPU.ActiveCfg = Debug|Any CPU
		{D5DBD801-4476-4FE7-A770-D52FFE050C7A}.Debug|Any CPU.Build.0 = Debug|Any CPU
		{D5DBD801-4476-4FE7-A770-D52FFE050C7A}.Release|Any CPU.ActiveCfg = Release|Any CPU
		{D5DBD801-4476-4FE7-A770-D52FFE050C7A}.Release|Any CPU.Build.0 = Release|Any CPU
		{7AF408AA-4FB2-4A0D-995B-CA0E7CF6808B}.Debug|Any CPU.ActiveCfg = Debug|Any CPU
		{7AF408AA-4FB2-4A0D-995B-CA0E7CF6808B}.Debug|Any CPU.Build.0 = Debug|Any CPU
		{7AF408AA-4FB2-4A0D-995B-CA0E7CF6808B}.Release|Any CPU.ActiveCfg = Release|Any CPU
		{7AF408AA-4FB2-4A0D-995B-CA0E7CF6808B}.Release|Any CPU.Build.0 = Release|Any CPU
		{B1A82C40-9290-4058-8829-4F5FB3B2B7F1}.Debug|Any CPU.ActiveCfg = Debug|Any CPU
		{B1A82C40-9290-4058-8829-4F5FB3B2B7F1}.Debug|Any CPU.Build.0 = Debug|Any CPU
		{B1A82C40-9290-4058-8829-4F5FB3B2B7F1}.Release|Any CPU.ActiveCfg = Release|Any CPU
		{B1A82C40-9290-4058-8829-4F5FB3B2B7F1}.Release|Any CPU.Build.0 = Release|Any CPU
		{D7C77697-67E7-4640-8C04-2A458774AF3A}.Debug|Any CPU.ActiveCfg = Debug|Any CPU
		{D7C77697-67E7-4640-8C04-2A458774AF3A}.Debug|Any CPU.Build.0 = Debug|Any CPU
		{D7C77697-67E7-4640-8C04-2A458774AF3A}.Release|Any CPU.ActiveCfg = Release|Any CPU
		{D7C77697-67E7-4640-8C04-2A458774AF3A}.Release|Any CPU.Build.0 = Release|Any CPU
		{F6FBA641-1E1B-42B5-A531-2719698D0586}.Debug|Any CPU.ActiveCfg = Debug|Any CPU
		{F6FBA641-1E1B-42B5-A531-2719698D0586}.Debug|Any CPU.Build.0 = Debug|Any CPU
		{F6FBA641-1E1B-42B5-A531-2719698D0586}.Release|Any CPU.ActiveCfg = Release|Any CPU
		{F6FBA641-1E1B-42B5-A531-2719698D0586}.Release|Any CPU.Build.0 = Release|Any CPU
		{B9E355E0-CC13-4C62-9F9A-69B7BB8D8214}.Debug|Any CPU.ActiveCfg = Debug|Any CPU
		{B9E355E0-CC13-4C62-9F9A-69B7BB8D8214}.Debug|Any CPU.Build.0 = Debug|Any CPU
		{B9E355E0-CC13-4C62-9F9A-69B7BB8D8214}.Release|Any CPU.ActiveCfg = Release|Any CPU
		{B9E355E0-CC13-4C62-9F9A-69B7BB8D8214}.Release|Any CPU.Build.0 = Release|Any CPU
		{90B99A6F-BF17-4171-B2A4-318CAA947C3E}.Debug|Any CPU.ActiveCfg = Debug|Any CPU
		{90B99A6F-BF17-4171-B2A4-318CAA947C3E}.Debug|Any CPU.Build.0 = Debug|Any CPU
		{90B99A6F-BF17-4171-B2A4-318CAA947C3E}.Release|Any CPU.ActiveCfg = Release|Any CPU
		{90B99A6F-BF17-4171-B2A4-318CAA947C3E}.Release|Any CPU.Build.0 = Release|Any CPU
	EndGlobalSection
	GlobalSection(SolutionProperties) = preSolution
		HideSolutionNode = FALSE
	EndGlobalSection
	GlobalSection(NestedProjects) = preSolution
		{9EBF67A7-CECA-4DA3-AEAF-5106D5791E0F} = {F55E0727-87D5-4B9C-A6F0-3C48166580E5}
		{5F28B043-0F99-4AF1-ACAD-8C84EFFC031F} = {F55E0727-87D5-4B9C-A6F0-3C48166580E5}
		{B9044ED2-5D67-42B9-A47B-056069ECF437} = {9EBF67A7-CECA-4DA3-AEAF-5106D5791E0F}
		{EFCD4D8A-1BAA-4696-82FD-FA72A9A26A35} = {5F28B043-0F99-4AF1-ACAD-8C84EFFC031F}
		{5584B22D-DBAA-489B-9024-AA6D1E770362} = {EFCD4D8A-1BAA-4696-82FD-FA72A9A26A35}
		{D5DBD801-4476-4FE7-A770-D52FFE050C7A} = {EFCD4D8A-1BAA-4696-82FD-FA72A9A26A35}
		{7AF408AA-4FB2-4A0D-995B-CA0E7CF6808B} = {EFCD4D8A-1BAA-4696-82FD-FA72A9A26A35}
		{B1A82C40-9290-4058-8829-4F5FB3B2B7F1} = {EFCD4D8A-1BAA-4696-82FD-FA72A9A26A35}
		{C143FCF0-164E-4FC8-A33C-1D03EEA6CA00} = {5F28B043-0F99-4AF1-ACAD-8C84EFFC031F}
		{D7C77697-67E7-4640-8C04-2A458774AF3A} = {C143FCF0-164E-4FC8-A33C-1D03EEA6CA00}
		{F6FBA641-1E1B-42B5-A531-2719698D0586} = {C143FCF0-164E-4FC8-A33C-1D03EEA6CA00}
		{B9E355E0-CC13-4C62-9F9A-69B7BB8D8214} = {C143FCF0-164E-4FC8-A33C-1D03EEA6CA00}
		{90B99A6F-BF17-4171-B2A4-318CAA947C3E} = {C143FCF0-164E-4FC8-A33C-1D03EEA6CA00}
	EndGlobalSection
	GlobalSection(ExtensibilityGlobals) = postSolution
		SolutionGuid = {76291940-CCA6-4539-836A-D08B0FC94399}
	EndGlobalSection
EndGlobal
